// !$*UTF8*$!
{
	archiveVersion = 1;
	classes = {
	};
	objectVersion = 55;
	objects = {

/* Begin PBXBuildFile section */
		1B855B7F2799C71300D64F2C /* Shuffler.framework in Frameworks */ = {isa = PBXBuildFile; fileRef = 1B855B762799C71200D64F2C /* Shuffler.framework */; };
		1B855B8F2799C7BF00D64F2C /* LocalListsLoaderTests.swift in Sources */ = {isa = PBXBuildFile; fileRef = 1B855B8E2799C7BF00D64F2C /* LocalListsLoaderTests.swift */; };
		1B855B91279A1D5D00D64F2C /* LocalListsLoader.swift in Sources */ = {isa = PBXBuildFile; fileRef = 1B855B90279A1D5D00D64F2C /* LocalListsLoader.swift */; };
		1B855B93279A1D8200D64F2C /* ListsStore.swift in Sources */ = {isa = PBXBuildFile; fileRef = 1B855B92279A1D8200D64F2C /* ListsStore.swift */; };
		1B855B95279A1D9A00D64F2C /* List.swift in Sources */ = {isa = PBXBuildFile; fileRef = 1B855B94279A1D9A00D64F2C /* List.swift */; };
		1B855B97279A1F9100D64F2C /* CodableListsStoreTests.swift in Sources */ = {isa = PBXBuildFile; fileRef = 1B855B96279A1F9100D64F2C /* CodableListsStoreTests.swift */; };
		1B855B99279A308900D64F2C /* Item.swift in Sources */ = {isa = PBXBuildFile; fileRef = 1B855B98279A308900D64F2C /* Item.swift */; };
		1B855B9C279A328700D64F2C /* SharedTestHelpers.swift in Sources */ = {isa = PBXBuildFile; fileRef = 1B855B9B279A328700D64F2C /* SharedTestHelpers.swift */; };
/* End PBXBuildFile section */

/* Begin PBXContainerItemProxy section */
		1B855B802799C71300D64F2C /* PBXContainerItemProxy */ = {
			isa = PBXContainerItemProxy;
			containerPortal = 1B855B6D2799C71200D64F2C /* Project object */;
			proxyType = 1;
			remoteGlobalIDString = 1B855B752799C71200D64F2C;
			remoteInfo = Shuffler;
		};
/* End PBXContainerItemProxy section */

/* Begin PBXFileReference section */
		1B855B762799C71200D64F2C /* Shuffler.framework */ = {isa = PBXFileReference; explicitFileType = wrapper.framework; includeInIndex = 0; path = Shuffler.framework; sourceTree = BUILT_PRODUCTS_DIR; };
		1B855B7E2799C71300D64F2C /* ShufflerTests.xctest */ = {isa = PBXFileReference; explicitFileType = wrapper.cfbundle; includeInIndex = 0; path = ShufflerTests.xctest; sourceTree = BUILT_PRODUCTS_DIR; };
		1B855B8E2799C7BF00D64F2C /* LocalListsLoaderTests.swift */ = {isa = PBXFileReference; lastKnownFileType = sourcecode.swift; path = LocalListsLoaderTests.swift; sourceTree = "<group>"; };
		1B855B90279A1D5D00D64F2C /* LocalListsLoader.swift */ = {isa = PBXFileReference; lastKnownFileType = sourcecode.swift; path = LocalListsLoader.swift; sourceTree = "<group>"; };
		1B855B92279A1D8200D64F2C /* ListsStore.swift */ = {isa = PBXFileReference; lastKnownFileType = sourcecode.swift; path = ListsStore.swift; sourceTree = "<group>"; };
		1B855B94279A1D9A00D64F2C /* List.swift */ = {isa = PBXFileReference; lastKnownFileType = sourcecode.swift; path = List.swift; sourceTree = "<group>"; };
		1B855B96279A1F9100D64F2C /* CodableListsStoreTests.swift */ = {isa = PBXFileReference; lastKnownFileType = sourcecode.swift; path = CodableListsStoreTests.swift; sourceTree = "<group>"; };
		1B855B98279A308900D64F2C /* Item.swift */ = {isa = PBXFileReference; lastKnownFileType = sourcecode.swift; path = Item.swift; sourceTree = "<group>"; };
		1B855B9B279A328700D64F2C /* SharedTestHelpers.swift */ = {isa = PBXFileReference; lastKnownFileType = sourcecode.swift; path = SharedTestHelpers.swift; sourceTree = "<group>"; };
/* End PBXFileReference section */

/* Begin PBXFrameworksBuildPhase section */
		1B855B732799C71200D64F2C /* Frameworks */ = {
			isa = PBXFrameworksBuildPhase;
			buildActionMask = 2147483647;
			files = (
			);
			runOnlyForDeploymentPostprocessing = 0;
		};
		1B855B7B2799C71300D64F2C /* Frameworks */ = {
			isa = PBXFrameworksBuildPhase;
			buildActionMask = 2147483647;
			files = (
				1B855B7F2799C71300D64F2C /* Shuffler.framework in Frameworks */,
			);
			runOnlyForDeploymentPostprocessing = 0;
		};
/* End PBXFrameworksBuildPhase section */

/* Begin PBXGroup section */
		1B855B6C2799C71200D64F2C = {
			isa = PBXGroup;
			children = (
				1B855B782799C71200D64F2C /* Shuffler */,
				1B855B822799C71300D64F2C /* ShufflerTests */,
				1B855B772799C71200D64F2C /* Products */,
			);
			sourceTree = "<group>";
		};
		1B855B772799C71200D64F2C /* Products */ = {
			isa = PBXGroup;
			children = (
				1B855B762799C71200D64F2C /* Shuffler.framework */,
				1B855B7E2799C71300D64F2C /* ShufflerTests.xctest */,
			);
			name = Products;
			sourceTree = "<group>";
		};
		1B855B782799C71200D64F2C /* Shuffler */ = {
			isa = PBXGroup;
			children = (
				1B855B94279A1D9A00D64F2C /* List.swift */,
				1B855B98279A308900D64F2C /* Item.swift */,
				1B855B90279A1D5D00D64F2C /* LocalListsLoader.swift */,
				1B855B92279A1D8200D64F2C /* ListsStore.swift */,
			);
			path = Shuffler;
			sourceTree = "<group>";
		};
		1B855B822799C71300D64F2C /* ShufflerTests */ = {
			isa = PBXGroup;
			children = (
				1B855B9A279A326400D64F2C /* Helpers */,
				1B855B8E2799C7BF00D64F2C /* LocalListsLoaderTests.swift */,
				1B855B96279A1F9100D64F2C /* CodableListsStoreTests.swift */,
			);
			path = ShufflerTests;
			sourceTree = "<group>";
		};
		1B855B9A279A326400D64F2C /* Helpers */ = {
			isa = PBXGroup;
			children = (
				1B855B9B279A328700D64F2C /* SharedTestHelpers.swift */,
			);
			path = Helpers;
			sourceTree = "<group>";
		};
/* End PBXGroup section */

/* Begin PBXHeadersBuildPhase section */
		1B855B712799C71200D64F2C /* Headers */ = {
			isa = PBXHeadersBuildPhase;
			buildActionMask = 2147483647;
			files = (
			);
			runOnlyForDeploymentPostprocessing = 0;
		};
/* End PBXHeadersBuildPhase section */

/* Begin PBXNativeTarget section */
		1B855B752799C71200D64F2C /* Shuffler */ = {
			isa = PBXNativeTarget;
			buildConfigurationList = 1B855B882799C71300D64F2C /* Build configuration list for PBXNativeTarget "Shuffler" */;
			buildPhases = (
				1B855B712799C71200D64F2C /* Headers */,
				1B855B722799C71200D64F2C /* Sources */,
				1B855B732799C71200D64F2C /* Frameworks */,
				1B855B742799C71200D64F2C /* Resources */,
			);
			buildRules = (
			);
			dependencies = (
			);
			name = Shuffler;
			productName = Shuffler;
			productReference = 1B855B762799C71200D64F2C /* Shuffler.framework */;
			productType = "com.apple.product-type.framework";
		};
		1B855B7D2799C71300D64F2C /* ShufflerTests */ = {
			isa = PBXNativeTarget;
			buildConfigurationList = 1B855B8B2799C71300D64F2C /* Build configuration list for PBXNativeTarget "ShufflerTests" */;
			buildPhases = (
				1B855B7A2799C71300D64F2C /* Sources */,
				1B855B7B2799C71300D64F2C /* Frameworks */,
				1B855B7C2799C71300D64F2C /* Resources */,
			);
			buildRules = (
			);
			dependencies = (
				1B855B812799C71300D64F2C /* PBXTargetDependency */,
			);
			name = ShufflerTests;
			productName = ShufflerTests;
			productReference = 1B855B7E2799C71300D64F2C /* ShufflerTests.xctest */;
			productType = "com.apple.product-type.bundle.unit-test";
		};
/* End PBXNativeTarget section */

/* Begin PBXProject section */
		1B855B6D2799C71200D64F2C /* Project object */ = {
			isa = PBXProject;
			attributes = {
				BuildIndependentTargetsInParallel = 1;
				LastSwiftUpdateCheck = 1320;
				LastUpgradeCheck = 1320;
				TargetAttributes = {
					1B855B752799C71200D64F2C = {
						CreatedOnToolsVersion = 13.2.1;
						LastSwiftMigration = 1320;
					};
					1B855B7D2799C71300D64F2C = {
						CreatedOnToolsVersion = 13.2.1;
						LastSwiftMigration = 1320;
					};
				};
			};
			buildConfigurationList = 1B855B702799C71200D64F2C /* Build configuration list for PBXProject "Shuffler" */;
			compatibilityVersion = "Xcode 13.0";
			developmentRegion = en;
			hasScannedForEncodings = 0;
			knownRegions = (
				en,
				Base,
			);
			mainGroup = 1B855B6C2799C71200D64F2C;
			productRefGroup = 1B855B772799C71200D64F2C /* Products */;
			projectDirPath = "";
			projectRoot = "";
			targets = (
				1B855B752799C71200D64F2C /* Shuffler */,
				1B855B7D2799C71300D64F2C /* ShufflerTests */,
			);
		};
/* End PBXProject section */

/* Begin PBXResourcesBuildPhase section */
		1B855B742799C71200D64F2C /* Resources */ = {
			isa = PBXResourcesBuildPhase;
			buildActionMask = 2147483647;
			files = (
			);
			runOnlyForDeploymentPostprocessing = 0;
		};
		1B855B7C2799C71300D64F2C /* Resources */ = {
			isa = PBXResourcesBuildPhase;
			buildActionMask = 2147483647;
			files = (
			);
			runOnlyForDeploymentPostprocessing = 0;
		};
/* End PBXResourcesBuildPhase section */

/* Begin PBXSourcesBuildPhase section */
		1B855B722799C71200D64F2C /* Sources */ = {
			isa = PBXSourcesBuildPhase;
			buildActionMask = 2147483647;
			files = (
				1B855B99279A308900D64F2C /* Item.swift in Sources */,
				1B855B93279A1D8200D64F2C /* ListsStore.swift in Sources */,
				1B855B91279A1D5D00D64F2C /* LocalListsLoader.swift in Sources */,
				1B855B95279A1D9A00D64F2C /* List.swift in Sources */,
			);
			runOnlyForDeploymentPostprocessing = 0;
		};
		1B855B7A2799C71300D64F2C /* Sources */ = {
			isa = PBXSourcesBuildPhase;
			buildActionMask = 2147483647;
			files = (
				1B855B97279A1F9100D64F2C /* CodableListsStoreTests.swift in Sources */,
				1B855B8F2799C7BF00D64F2C /* LocalListsLoaderTests.swift in Sources */,
				1B855B9C279A328700D64F2C /* SharedTestHelpers.swift in Sources */,
			);
			runOnlyForDeploymentPostprocessing = 0;
		};
/* End PBXSourcesBuildPhase section */

/* Begin PBXTargetDependency section */
		1B855B812799C71300D64F2C /* PBXTargetDependency */ = {
			isa = PBXTargetDependency;
			target = 1B855B752799C71200D64F2C /* Shuffler */;
			targetProxy = 1B855B802799C71300D64F2C /* PBXContainerItemProxy */;
		};
/* End PBXTargetDependency section */

/* Begin XCBuildConfiguration section */
		1B855B862799C71300D64F2C /* Debug */ = {
			isa = XCBuildConfiguration;
			buildSettings = {
				ALWAYS_SEARCH_USER_PATHS = NO;
				CLANG_ANALYZER_NONNULL = YES;
				CLANG_ANALYZER_NUMBER_OBJECT_CONVERSION = YES_AGGRESSIVE;
				CLANG_CXX_LANGUAGE_STANDARD = "gnu++17";
				CLANG_CXX_LIBRARY = "libc++";
				CLANG_ENABLE_MODULES = YES;
				CLANG_ENABLE_OBJC_ARC = YES;
				CLANG_ENABLE_OBJC_WEAK = YES;
				CLANG_WARN_BLOCK_CAPTURE_AUTORELEASING = YES;
				CLANG_WARN_BOOL_CONVERSION = YES;
				CLANG_WARN_COMMA = YES;
				CLANG_WARN_CONSTANT_CONVERSION = YES;
				CLANG_WARN_DEPRECATED_OBJC_IMPLEMENTATIONS = YES;
				CLANG_WARN_DIRECT_OBJC_ISA_USAGE = YES_ERROR;
				CLANG_WARN_DOCUMENTATION_COMMENTS = YES;
				CLANG_WARN_EMPTY_BODY = YES;
				CLANG_WARN_ENUM_CONVERSION = YES;
				CLANG_WARN_INFINITE_RECURSION = YES;
				CLANG_WARN_INT_CONVERSION = YES;
				CLANG_WARN_NON_LITERAL_NULL_CONVERSION = YES;
				CLANG_WARN_OBJC_IMPLICIT_RETAIN_SELF = YES;
				CLANG_WARN_OBJC_LITERAL_CONVERSION = YES;
				CLANG_WARN_OBJC_ROOT_CLASS = YES_ERROR;
				CLANG_WARN_QUOTED_INCLUDE_IN_FRAMEWORK_HEADER = YES;
				CLANG_WARN_RANGE_LOOP_ANALYSIS = YES;
				CLANG_WARN_STRICT_PROTOTYPES = YES;
				CLANG_WARN_SUSPICIOUS_MOVE = YES;
				CLANG_WARN_UNGUARDED_AVAILABILITY = YES_AGGRESSIVE;
				CLANG_WARN_UNREACHABLE_CODE = YES;
				CLANG_WARN__DUPLICATE_METHOD_MATCH = YES;
				COPY_PHASE_STRIP = NO;
				CURRENT_PROJECT_VERSION = 1;
				DEBUG_INFORMATION_FORMAT = dwarf;
				ENABLE_STRICT_OBJC_MSGSEND = YES;
				ENABLE_TESTABILITY = YES;
				GCC_C_LANGUAGE_STANDARD = gnu11;
				GCC_DYNAMIC_NO_PIC = NO;
				GCC_NO_COMMON_BLOCKS = YES;
				GCC_OPTIMIZATION_LEVEL = 0;
				GCC_PREPROCESSOR_DEFINITIONS = (
					"DEBUG=1",
					"$(inherited)",
				);
				GCC_WARN_64_TO_32_BIT_CONVERSION = YES;
				GCC_WARN_ABOUT_RETURN_TYPE = YES_ERROR;
				GCC_WARN_UNDECLARED_SELECTOR = YES;
				GCC_WARN_UNINITIALIZED_AUTOS = YES_AGGRESSIVE;
				GCC_WARN_UNUSED_FUNCTION = YES;
				GCC_WARN_UNUSED_VARIABLE = YES;
				MACOSX_DEPLOYMENT_TARGET = 11.6;
				MTL_ENABLE_DEBUG_INFO = INCLUDE_SOURCE;
				MTL_FAST_MATH = YES;
				ONLY_ACTIVE_ARCH = YES;
				SDKROOT = macosx;
				SWIFT_ACTIVE_COMPILATION_CONDITIONS = DEBUG;
				SWIFT_OPTIMIZATION_LEVEL = "-Onone";
				VERSIONING_SYSTEM = "apple-generic";
				VERSION_INFO_PREFIX = "";
			};
			name = Debug;
		};
		1B855B872799C71300D64F2C /* Release */ = {
			isa = XCBuildConfiguration;
			buildSettings = {
				ALWAYS_SEARCH_USER_PATHS = NO;
				CLANG_ANALYZER_NONNULL = YES;
				CLANG_ANALYZER_NUMBER_OBJECT_CONVERSION = YES_AGGRESSIVE;
				CLANG_CXX_LANGUAGE_STANDARD = "gnu++17";
				CLANG_CXX_LIBRARY = "libc++";
				CLANG_ENABLE_MODULES = YES;
				CLANG_ENABLE_OBJC_ARC = YES;
				CLANG_ENABLE_OBJC_WEAK = YES;
				CLANG_WARN_BLOCK_CAPTURE_AUTORELEASING = YES;
				CLANG_WARN_BOOL_CONVERSION = YES;
				CLANG_WARN_COMMA = YES;
				CLANG_WARN_CONSTANT_CONVERSION = YES;
				CLANG_WARN_DEPRECATED_OBJC_IMPLEMENTATIONS = YES;
				CLANG_WARN_DIRECT_OBJC_ISA_USAGE = YES_ERROR;
				CLANG_WARN_DOCUMENTATION_COMMENTS = YES;
				CLANG_WARN_EMPTY_BODY = YES;
				CLANG_WARN_ENUM_CONVERSION = YES;
				CLANG_WARN_INFINITE_RECURSION = YES;
				CLANG_WARN_INT_CONVERSION = YES;
				CLANG_WARN_NON_LITERAL_NULL_CONVERSION = YES;
				CLANG_WARN_OBJC_IMPLICIT_RETAIN_SELF = YES;
				CLANG_WARN_OBJC_LITERAL_CONVERSION = YES;
				CLANG_WARN_OBJC_ROOT_CLASS = YES_ERROR;
				CLANG_WARN_QUOTED_INCLUDE_IN_FRAMEWORK_HEADER = YES;
				CLANG_WARN_RANGE_LOOP_ANALYSIS = YES;
				CLANG_WARN_STRICT_PROTOTYPES = YES;
				CLANG_WARN_SUSPICIOUS_MOVE = YES;
				CLANG_WARN_UNGUARDED_AVAILABILITY = YES_AGGRESSIVE;
				CLANG_WARN_UNREACHABLE_CODE = YES;
				CLANG_WARN__DUPLICATE_METHOD_MATCH = YES;
				COPY_PHASE_STRIP = NO;
				CURRENT_PROJECT_VERSION = 1;
				DEBUG_INFORMATION_FORMAT = "dwarf-with-dsym";
				ENABLE_NS_ASSERTIONS = NO;
				ENABLE_STRICT_OBJC_MSGSEND = YES;
				GCC_C_LANGUAGE_STANDARD = gnu11;
				GCC_NO_COMMON_BLOCKS = YES;
				GCC_WARN_64_TO_32_BIT_CONVERSION = YES;
				GCC_WARN_ABOUT_RETURN_TYPE = YES_ERROR;
				GCC_WARN_UNDECLARED_SELECTOR = YES;
				GCC_WARN_UNINITIALIZED_AUTOS = YES_AGGRESSIVE;
				GCC_WARN_UNUSED_FUNCTION = YES;
				GCC_WARN_UNUSED_VARIABLE = YES;
				MACOSX_DEPLOYMENT_TARGET = 11.6;
				MTL_ENABLE_DEBUG_INFO = NO;
				MTL_FAST_MATH = YES;
				SDKROOT = macosx;
				SWIFT_COMPILATION_MODE = wholemodule;
				SWIFT_OPTIMIZATION_LEVEL = "-O";
				VERSIONING_SYSTEM = "apple-generic";
				VERSION_INFO_PREFIX = "";
			};
			name = Release;
		};
		1B855B892799C71300D64F2C /* Debug */ = {
			isa = XCBuildConfiguration;
			buildSettings = {
				CLANG_ENABLE_MODULES = YES;
				CODE_SIGN_STYLE = Automatic;
				COMBINE_HIDPI_IMAGES = YES;
				CURRENT_PROJECT_VERSION = 1;
				DEFINES_MODULE = YES;
				DEVELOPMENT_TEAM = HHWJTGZ862;
				DYLIB_COMPATIBILITY_VERSION = 1;
				DYLIB_CURRENT_VERSION = 1;
				DYLIB_INSTALL_NAME_BASE = "@rpath";
				GENERATE_INFOPLIST_FILE = YES;
				INFOPLIST_KEY_NSHumanReadableCopyright = "";
				INSTALL_PATH = "$(LOCAL_LIBRARY_DIR)/Frameworks";
				LD_RUNPATH_SEARCH_PATHS = (
					"$(inherited)",
					"@executable_path/../Frameworks",
					"@loader_path/Frameworks",
				);
				MARKETING_VERSION = 1.0;
				PRODUCT_BUNDLE_IDENTIFIER = com.Zanaeira.Shuffler;
				PRODUCT_NAME = "$(TARGET_NAME:c99extidentifier)";
				SKIP_INSTALL = YES;
				SWIFT_EMIT_LOC_STRINGS = YES;
				SWIFT_OPTIMIZATION_LEVEL = "-Onone";
				SWIFT_VERSION = 5.0;
			};
			name = Debug;
		};
		1B855B8A2799C71300D64F2C /* Release */ = {
			isa = XCBuildConfiguration;
			buildSettings = {
				CLANG_ENABLE_MODULES = YES;
				CODE_SIGN_STYLE = Automatic;
				COMBINE_HIDPI_IMAGES = YES;
				CURRENT_PROJECT_VERSION = 1;
				DEFINES_MODULE = YES;
				DEVELOPMENT_TEAM = HHWJTGZ862;
				DYLIB_COMPATIBILITY_VERSION = 1;
				DYLIB_CURRENT_VERSION = 1;
				DYLIB_INSTALL_NAME_BASE = "@rpath";
				GENERATE_INFOPLIST_FILE = YES;
				INFOPLIST_KEY_NSHumanReadableCopyright = "";
				INSTALL_PATH = "$(LOCAL_LIBRARY_DIR)/Frameworks";
				LD_RUNPATH_SEARCH_PATHS = (
					"$(inherited)",
					"@executable_path/../Frameworks",
					"@loader_path/Frameworks",
				);
				MARKETING_VERSION = 1.0;
				PRODUCT_BUNDLE_IDENTIFIER = com.Zanaeira.Shuffler;
				PRODUCT_NAME = "$(TARGET_NAME:c99extidentifier)";
				SKIP_INSTALL = YES;
				SWIFT_EMIT_LOC_STRINGS = YES;
				SWIFT_VERSION = 5.0;
			};
			name = Release;
		};
		1B855B8C2799C71300D64F2C /* Debug */ = {
			isa = XCBuildConfiguration;
			buildSettings = {
				ALWAYS_EMBED_SWIFT_STANDARD_LIBRARIES = YES;
				CLANG_ENABLE_MODULES = YES;
				CODE_SIGN_STYLE = Automatic;
				CURRENT_PROJECT_VERSION = 1;
				DEVELOPMENT_TEAM = HHWJTGZ862;
				GENERATE_INFOPLIST_FILE = YES;
				LD_RUNPATH_SEARCH_PATHS = (
					"$(inherited)",
					"@executable_path/../Frameworks",
					"@loader_path/../Frameworks",
				);
				MARKETING_VERSION = 1.0;
				PRODUCT_BUNDLE_IDENTIFIER = com.Zanaeira.ShufflerTests;
				PRODUCT_NAME = "$(TARGET_NAME)";
				SWIFT_EMIT_LOC_STRINGS = NO;
				SWIFT_OPTIMIZATION_LEVEL = "-Onone";
				SWIFT_VERSION = 5.0;
			};
			name = Debug;
		};
		1B855B8D2799C71300D64F2C /* Release */ = {
			isa = XCBuildConfiguration;
			buildSettings = {
				ALWAYS_EMBED_SWIFT_STANDARD_LIBRARIES = YES;
				CLANG_ENABLE_MODULES = YES;
				CODE_SIGN_STYLE = Automatic;
				CURRENT_PROJECT_VERSION = 1;
				DEVELOPMENT_TEAM = HHWJTGZ862;
				GENERATE_INFOPLIST_FILE = YES;
				LD_RUNPATH_SEARCH_PATHS = (
					"$(inherited)",
					"@executable_path/../Frameworks",
					"@loader_path/../Frameworks",
				);
				MARKETING_VERSION = 1.0;
				PRODUCT_BUNDLE_IDENTIFIER = com.Zanaeira.ShufflerTests;
				PRODUCT_NAME = "$(TARGET_NAME)";
				SWIFT_EMIT_LOC_STRINGS = NO;
				SWIFT_VERSION = 5.0;
			};
			name = Release;
		};
/* End XCBuildConfiguration section */

/* Begin XCConfigurationList section */
		1B855B702799C71200D64F2C /* Build configuration list for PBXProject "Shuffler" */ = {
			isa = XCConfigurationList;
			buildConfigurations = (
				1B855B862799C71300D64F2C /* Debug */,
				1B855B872799C71300D64F2C /* Release */,
			);
			defaultConfigurationIsVisible = 0;
			defaultConfigurationName = Release;
		};
		1B855B882799C71300D64F2C /* Build configuration list for PBXNativeTarget "Shuffler" */ = {
			isa = XCConfigurationList;
			buildConfigurations = (
				1B855B892799C71300D64F2C /* Debug */,
				1B855B8A2799C71300D64F2C /* Release */,
			);
			defaultConfigurationIsVisible = 0;
			defaultConfigurationName = Release;
		};
		1B855B8B2799C71300D64F2C /* Build configuration list for PBXNativeTarget "ShufflerTests" */ = {
			isa = XCConfigurationList;
			buildConfigurations = (
				1B855B8C2799C71300D64F2C /* Debug */,
				1B855B8D2799C71300D64F2C /* Release */,
			);
			defaultConfigurationIsVisible = 0;
			defaultConfigurationName = Release;
		};
/* End XCConfigurationList section */
	};
	rootObject = 1B855B6D2799C71200D64F2C /* Project object */;
}
